
Microsoft Visual Studio Solution File, Format Version 12.00
# Visual Studio Version 16
VisualStudioVersion = 16.0.31410.357
MinimumVisualStudioVersion = 10.0.40219.1
Project("{FAE04EC0-301F-11D3-BF4B-00C04F79EFBC}") = "WebPages", "WebPages\WebPages.csproj", "{2A82BB4B-0CC7-40AB-B468-CB6E47671DB4}"
EndProject
Project("{FAE04EC0-301F-11D3-BF4B-00C04F79EFBC}") = "DataBaseFunctions", "DataBaseFunctions\DataBaseFunctions.csproj", "{681A8CF5-46D7-42A5-9B26-2938D21E0835}"
EndProject
Project("{FAE04EC0-301F-11D3-BF4B-00C04F79EFBC}") = "UserAuthentication", "UserAuthentication\UserAuthentication.csproj", "{FBBA11E9-C115-4F4E-8A03-A438BF533320}"
EndProject
Global
	GlobalSection(SolutionConfigurationPlatforms) = preSolution
		Debug|Any CPU = Debug|Any CPU
		Release|Any CPU = Release|Any CPU
	EndGlobalSection
	GlobalSection(ProjectConfigurationPlatforms) = postSolution
		{2A82BB4B-0CC7-40AB-B468-CB6E47671DB4}.Debug|Any CPU.ActiveCfg = Debug|Any CPU
		{2A82BB4B-0CC7-40AB-B468-CB6E47671DB4}.Debug|Any CPU.Build.0 = Debug|Any CPU
		{2A82BB4B-0CC7-40AB-B468-CB6E47671DB4}.Release|Any CPU.ActiveCfg = Release|Any CPU
		{2A82BB4B-0CC7-40AB-B468-CB6E47671DB4}.Release|Any CPU.Build.0 = Release|Any CPU
		{681A8CF5-46D7-42A5-9B26-2938D21E0835}.Debug|Any CPU.ActiveCfg = Debug|Any CPU
		{681A8CF5-46D7-42A5-9B26-2938D21E0835}.Debug|Any CPU.Build.0 = Debug|Any CPU
		{681A8CF5-46D7-42A5-9B26-2938D21E0835}.Release|Any CPU.ActiveCfg = Release|Any CPU
		{681A8CF5-46D7-42A5-9B26-2938D21E0835}.Release|Any CPU.Build.0 = Release|Any CPU
		{FBBA11E9-C115-4F4E-8A03-A438BF533320}.Debug|Any CPU.ActiveCfg = Debug|Any CPU
		{FBBA11E9-C115-4F4E-8A03-A438BF533320}.Debug|Any CPU.Build.0 = Debug|Any CPU
		{FBBA11E9-C115-4F4E-8A03-A438BF533320}.Release|Any CPU.ActiveCfg = Release|Any CPU
		{FBBA11E9-C115-4F4E-8A03-A438BF533320}.Release|Any CPU.Build.0 = Release|Any CPU
	EndGlobalSection
	GlobalSection(SolutionProperties) = preSolution
		HideSolutionNode = FALSE
	EndGlobalSection
	GlobalSection(ExtensibilityGlobals) = postSolution
		SolutionGuid = {0264B239-736D-47BF-A4F8-C647728905B5}
	EndGlobalSection
EndGlobal
